// !$*UTF8*$!
{
	archiveVersion = 1;
	classes = {
	};
	objectVersion = 46;
	objects = {

/* Begin PBXBuildFile section */
		A307E2D81EC47AD500034AAB /* AppDelegate.m in Sources */ = {isa = PBXBuildFile; fileRef = A307E2D71EC47AD500034AAB /* AppDelegate.m */; };
		A307E2DB1EC47AD500034AAB /* main.m in Sources */ = {isa = PBXBuildFile; fileRef = A307E2DA1EC47AD500034AAB /* main.m */; };
		A307E2DE1EC47AD500034AAB /* ViewController.m in Sources */ = {isa = PBXBuildFile; fileRef = A307E2DD1EC47AD500034AAB /* ViewController.m */; };
		A307E2E01EC47AD500034AAB /* Assets.xcassets in Resources */ = {isa = PBXBuildFile; fileRef = A307E2DF1EC47AD500034AAB /* Assets.xcassets */; };
		A307E2E31EC47AD500034AAB /* Main.storyboard in Resources */ = {isa = PBXBuildFile; fileRef = A307E2E11EC47AD500034AAB /* Main.storyboard */; };
		A307E2EC1EC47BA700034AAB /* WebKit.framework in Frameworks */ = {isa = PBXBuildFile; fileRef = A307E2EB1EC47BA700034AAB /* WebKit.framework */; };
		A307E30F1EC5539700034AAB /* test.html in Resources */ = {isa = PBXBuildFile; fileRef = A307E30E1EC5539700034AAB /* test.html */; };
		A307E32A1EC5560700034AAB /* MASCompositeConstraint.m in Sources */ = {isa = PBXBuildFile; fileRef = A307E3121EC5560700034AAB /* MASCompositeConstraint.m */; };
		A307E32B1EC5560700034AAB /* MASConstraint.m in Sources */ = {isa = PBXBuildFile; fileRef = A307E3151EC5560700034AAB /* MASConstraint.m */; };
		A307E32C1EC5560700034AAB /* MASConstraintMaker.m in Sources */ = {isa = PBXBuildFile; fileRef = A307E3171EC5560700034AAB /* MASConstraintMaker.m */; };
		A307E32D1EC5560700034AAB /* MASLayoutConstraint.m in Sources */ = {isa = PBXBuildFile; fileRef = A307E3191EC5560700034AAB /* MASLayoutConstraint.m */; };
		A307E32E1EC5560700034AAB /* MASViewAttribute.m in Sources */ = {isa = PBXBuildFile; fileRef = A307E31D1EC5560700034AAB /* MASViewAttribute.m */; };
		A307E32F1EC5560700034AAB /* MASViewConstraint.m in Sources */ = {isa = PBXBuildFile; fileRef = A307E31F1EC5560700034AAB /* MASViewConstraint.m */; };
		A307E3301EC5560700034AAB /* NSArray+MASAdditions.m in Sources */ = {isa = PBXBuildFile; fileRef = A307E3211EC5560700034AAB /* NSArray+MASAdditions.m */; };
		A307E3311EC5560700034AAB /* NSLayoutConstraint+MASDebugAdditions.m in Sources */ = {isa = PBXBuildFile; fileRef = A307E3241EC5560700034AAB /* NSLayoutConstraint+MASDebugAdditions.m */; };
		A307E3321EC5560700034AAB /* View+MASAdditions.m in Sources */ = {isa = PBXBuildFile; fileRef = A307E3261EC5560700034AAB /* View+MASAdditions.m */; };
		A307E3331EC5560700034AAB /* ViewController+MASAdditions.m in Sources */ = {isa = PBXBuildFile; fileRef = A307E3291EC5560700034AAB /* ViewController+MASAdditions.m */; };
		A307E3361EC557EE00034AAB /* MXJSManager.m in Sources */ = {isa = PBXBuildFile; fileRef = A307E3351EC557EE00034AAB /* MXJSManager.m */; };
/* End PBXBuildFile section */

/* Begin PBXFileReference section */
		A307E2D31EC47AD500034AAB /* WKWebViewDemo.app */ = {isa = PBXFileReference; explicitFileType = wrapper.application; includeInIndex = 0; path = WKWebViewDemo.app; sourceTree = BUILT_PRODUCTS_DIR; };
		A307E2D61EC47AD500034AAB /* AppDelegate.h */ = {isa = PBXFileReference; lastKnownFileType = sourcecode.c.h; path = AppDelegate.h; sourceTree = "<group>"; };
		A307E2D71EC47AD500034AAB /* AppDelegate.m */ = {isa = PBXFileReference; lastKnownFileType = sourcecode.c.objc; path = AppDelegate.m; sourceTree = "<group>"; };
		A307E2DA1EC47AD500034AAB /* main.m */ = {isa = PBXFileReference; lastKnownFileType = sourcecode.c.objc; path = main.m; sourceTree = "<group>"; };
		A307E2DC1EC47AD500034AAB /* ViewController.h */ = {isa = PBXFileReference; lastKnownFileType = sourcecode.c.h; path = ViewController.h; sourceTree = "<group>"; };
		A307E2DD1EC47AD500034AAB /* ViewController.m */ = {isa = PBXFileReference; lastKnownFileType = sourcecode.c.objc; path = ViewController.m; sourceTree = "<group>"; };
		A307E2DF1EC47AD500034AAB /* Assets.xcassets */ = {isa = PBXFileReference; lastKnownFileType = folder.assetcatalog; path = Assets.xcassets; sourceTree = "<group>"; };
		A307E2E21EC47AD500034AAB /* Base */ = {isa = PBXFileReference; lastKnownFileType = file.storyboard; name = Base; path = Base.lproj/Main.storyboard; sourceTree = "<group>"; };
		A307E2E41EC47AD500034AAB /* Info.plist */ = {isa = PBXFileReference; lastKnownFileType = text.plist.xml; path = Info.plist; sourceTree = "<group>"; };
		A307E2EB1EC47BA700034AAB /* WebKit.framework */ = {isa = PBXFileReference; lastKnownFileType = wrapper.framework; name = WebKit.framework; path = System/Library/Frameworks/WebKit.framework; sourceTree = SDKROOT; };
		A307E30E1EC5539700034AAB /* test.html */ = {isa = PBXFileReference; fileEncoding = 4; lastKnownFileType = text.html; path = test.html; sourceTree = "<group>"; };
		A307E3111EC5560700034AAB /* MASCompositeConstraint.h */ = {isa = PBXFileReference; fileEncoding = 4; lastKnownFileType = sourcecode.c.h; path = MASCompositeConstraint.h; sourceTree = "<group>"; };
		A307E3121EC5560700034AAB /* MASCompositeConstraint.m */ = {isa = PBXFileReference; fileEncoding = 4; lastKnownFileType = sourcecode.c.objc; path = MASCompositeConstraint.m; sourceTree = "<group>"; };
		A307E3131EC5560700034AAB /* MASConstraint+Private.h */ = {isa = PBXFileReference; fileEncoding = 4; lastKnownFileType = sourcecode.c.h; path = "MASConstraint+Private.h"; sourceTree = "<group>"; };
		A307E3141EC5560700034AAB /* MASConstraint.h */ = {isa = PBXFileReference; fileEncoding = 4; lastKnownFileType = sourcecode.c.h; path = MASConstraint.h; sourceTree = "<group>"; };
		A307E3151EC5560700034AAB /* MASConstraint.m */ = {isa = PBXFileReference; fileEncoding = 4; lastKnownFileType = sourcecode.c.objc; path = MASConstraint.m; sourceTree = "<group>"; };
		A307E3161EC5560700034AAB /* MASConstraintMaker.h */ = {isa = PBXFileReference; fileEncoding = 4; lastKnownFileType = sourcecode.c.h; path = MASConstraintMaker.h; sourceTree = "<group>"; };
		A307E3171EC5560700034AAB /* MASConstraintMaker.m */ = {isa = PBXFileReference; fileEncoding = 4; lastKnownFileType = sourcecode.c.objc; path = MASConstraintMaker.m; sourceTree = "<group>"; };
		A307E3181EC5560700034AAB /* MASLayoutConstraint.h */ = {isa = PBXFileReference; fileEncoding = 4; lastKnownFileType = sourcecode.c.h; path = MASLayoutConstraint.h; sourceTree = "<group>"; };
		A307E3191EC5560700034AAB /* MASLayoutConstraint.m */ = {isa = PBXFileReference; fileEncoding = 4; lastKnownFileType = sourcecode.c.objc; path = MASLayoutConstraint.m; sourceTree = "<group>"; };
		A307E31A1EC5560700034AAB /* Masonry.h */ = {isa = PBXFileReference; fileEncoding = 4; lastKnownFileType = sourcecode.c.h; path = Masonry.h; sourceTree = "<group>"; };
		A307E31B1EC5560700034AAB /* MASUtilities.h */ = {isa = PBXFileReference; fileEncoding = 4; lastKnownFileType = sourcecode.c.h; path = MASUtilities.h; sourceTree = "<group>"; };
		A307E31C1EC5560700034AAB /* MASViewAttribute.h */ = {isa = PBXFileReference; fileEncoding = 4; lastKnownFileType = sourcecode.c.h; path = MASViewAttribute.h; sourceTree = "<group>"; };
		A307E31D1EC5560700034AAB /* MASViewAttribute.m */ = {isa = PBXFileReference; fileEncoding = 4; lastKnownFileType = sourcecode.c.objc; path = MASViewAttribute.m; sourceTree = "<group>"; };
		A307E31E1EC5560700034AAB /* MASViewConstraint.h */ = {isa = PBXFileReference; fileEncoding = 4; lastKnownFileType = sourcecode.c.h; path = MASViewConstraint.h; sourceTree = "<group>"; };
		A307E31F1EC5560700034AAB /* MASViewConstraint.m */ = {isa = PBXFileReference; fileEncoding = 4; lastKnownFileType = sourcecode.c.objc; path = MASViewConstraint.m; sourceTree = "<group>"; };
		A307E3201EC5560700034AAB /* NSArray+MASAdditions.h */ = {isa = PBXFileReference; fileEncoding = 4; lastKnownFileType = sourcecode.c.h; path = "NSArray+MASAdditions.h"; sourceTree = "<group>"; };
		A307E3211EC5560700034AAB /* NSArray+MASAdditions.m */ = {isa = PBXFileReference; fileEncoding = 4; lastKnownFileType = sourcecode.c.objc; path = "NSArray+MASAdditions.m"; sourceTree = "<group>"; };
		A307E3221EC5560700034AAB /* NSArray+MASShorthandAdditions.h */ = {isa = PBXFileReference; fileEncoding = 4; lastKnownFileType = sourcecode.c.h; path = "NSArray+MASShorthandAdditions.h"; sourceTree = "<group>"; };
		A307E3231EC5560700034AAB /* NSLayoutConstraint+MASDebugAdditions.h */ = {isa = PBXFileReference; fileEncoding = 4; lastKnownFileType = sourcecode.c.h; path = "NSLayoutConstraint+MASDebugAdditions.h"; sourceTree = "<group>"; };
		A307E3241EC5560700034AAB /* NSLayoutConstraint+MASDebugAdditions.m */ = {isa = PBXFileReference; fileEncoding = 4; lastKnownFileType = sourcecode.c.objc; path = "NSLayoutConstraint+MASDebugAdditions.m"; sourceTree = "<group>"; };
		A307E3251EC5560700034AAB /* View+MASAdditions.h */ = {isa = PBXFileReference; fileEncoding = 4; lastKnownFileType = sourcecode.c.h; path = "View+MASAdditions.h"; sourceTree = "<group>"; };
		A307E3261EC5560700034AAB /* View+MASAdditions.m */ = {isa = PBXFileReference; fileEncoding = 4; lastKnownFileType = sourcecode.c.objc; path = "View+MASAdditions.m"; sourceTree = "<group>"; };
		A307E3271EC5560700034AAB /* View+MASShorthandAdditions.h */ = {isa = PBXFileReference; fileEncoding = 4; lastKnownFileType = sourcecode.c.h; path = "View+MASShorthandAdditions.h"; sourceTree = "<group>"; };
		A307E3281EC5560700034AAB /* ViewController+MASAdditions.h */ = {isa = PBXFileReference; fileEncoding = 4; lastKnownFileType = sourcecode.c.h; path = "ViewController+MASAdditions.h"; sourceTree = "<group>"; };
		A307E3291EC5560700034AAB /* ViewController+MASAdditions.m */ = {isa = PBXFileReference; fileEncoding = 4; lastKnownFileType = sourcecode.c.objc; path = "ViewController+MASAdditions.m"; sourceTree = "<group>"; };
		A307E3341EC557EE00034AAB /* MXJSManager.h */ = {isa = PBXFileReference; fileEncoding = 4; lastKnownFileType = sourcecode.c.h; path = MXJSManager.h; sourceTree = "<group>"; };
		A307E3351EC557EE00034AAB /* MXJSManager.m */ = {isa = PBXFileReference; fileEncoding = 4; lastKnownFileType = sourcecode.c.objc; path = MXJSManager.m; sourceTree = "<group>"; };
/* End PBXFileReference section */

/* Begin PBXFrameworksBuildPhase section */
		A307E2D01EC47AD500034AAB /* Frameworks */ = {
			isa = PBXFrameworksBuildPhase;
			buildActionMask = 2147483647;
			files = (
				A307E2EC1EC47BA700034AAB /* WebKit.framework in Frameworks */,
			);
			runOnlyForDeploymentPostprocessing = 0;
		};
/* End PBXFrameworksBuildPhase section */

/* Begin PBXGroup section */
		A307E2CA1EC47AD500034AAB = {
			isa = PBXGroup;
			children = (
				A307E2D51EC47AD500034AAB /* WKWebViewDemo */,
				A307E2D41EC47AD500034AAB /* Products */,
				A307E2EA1EC47BA700034AAB /* Frameworks */,
			);
			sourceTree = "<group>";
		};
		A307E2D41EC47AD500034AAB /* Products */ = {
			isa = PBXGroup;
			children = (
				A307E2D31EC47AD500034AAB /* WKWebViewDemo.app */,
			);
			name = Products;
			sourceTree = "<group>";
		};
		A307E2D51EC47AD500034AAB /* WKWebViewDemo */ = {
			isa = PBXGroup;
			children = (
				A307E3101EC5560700034AAB /* Masonry */,
				A307E2D61EC47AD500034AAB /* AppDelegate.h */,
				A307E2D71EC47AD500034AAB /* AppDelegate.m */,
				A307E2DC1EC47AD500034AAB /* ViewController.h */,
				A307E2DD1EC47AD500034AAB /* ViewController.m */,
				A307E3341EC557EE00034AAB /* MXJSManager.h */,
				A307E3351EC557EE00034AAB /* MXJSManager.m */,
				A307E30E1EC5539700034AAB /* test.html */,
				A307E2DF1EC47AD500034AAB /* Assets.xcassets */,
				A307E2E11EC47AD500034AAB /* Main.storyboard */,
				A307E2E41EC47AD500034AAB /* Info.plist */,
				A307E2D91EC47AD500034AAB /* Supporting Files */,
			);
			path = WKWebViewDemo;
			sourceTree = "<group>";
		};
		A307E2D91EC47AD500034AAB /* Supporting Files */ = {
			isa = PBXGroup;
			children = (
				A307E2DA1EC47AD500034AAB /* main.m */,
			);
			name = "Supporting Files";
			sourceTree = "<group>";
		};
		A307E2EA1EC47BA700034AAB /* Frameworks */ = {
			isa = PBXGroup;
			children = (
				A307E2EB1EC47BA700034AAB /* WebKit.framework */,
			);
			name = Frameworks;
			sourceTree = "<group>";
		};
		A307E3101EC5560700034AAB /* Masonry */ = {
			isa = PBXGroup;
			children = (
				A307E3111EC5560700034AAB /* MASCompositeConstraint.h */,
				A307E3121EC5560700034AAB /* MASCompositeConstraint.m */,
				A307E3131EC5560700034AAB /* MASConstraint+Private.h */,
				A307E3141EC5560700034AAB /* MASConstraint.h */,
				A307E3151EC5560700034AAB /* MASConstraint.m */,
				A307E3161EC5560700034AAB /* MASConstraintMaker.h */,
				A307E3171EC5560700034AAB /* MASConstraintMaker.m */,
				A307E3181EC5560700034AAB /* MASLayoutConstraint.h */,
				A307E3191EC5560700034AAB /* MASLayoutConstraint.m */,
				A307E31A1EC5560700034AAB /* Masonry.h */,
				A307E31B1EC5560700034AAB /* MASUtilities.h */,
				A307E31C1EC5560700034AAB /* MASViewAttribute.h */,
				A307E31D1EC5560700034AAB /* MASViewAttribute.m */,
				A307E31E1EC5560700034AAB /* MASViewConstraint.h */,
				A307E31F1EC5560700034AAB /* MASViewConstraint.m */,
				A307E3201EC5560700034AAB /* NSArray+MASAdditions.h */,
				A307E3211EC5560700034AAB /* NSArray+MASAdditions.m */,
				A307E3221EC5560700034AAB /* NSArray+MASShorthandAdditions.h */,
				A307E3231EC5560700034AAB /* NSLayoutConstraint+MASDebugAdditions.h */,
				A307E3241EC5560700034AAB /* NSLayoutConstraint+MASDebugAdditions.m */,
				A307E3251EC5560700034AAB /* View+MASAdditions.h */,
				A307E3261EC5560700034AAB /* View+MASAdditions.m */,
				A307E3271EC5560700034AAB /* View+MASShorthandAdditions.h */,
				A307E3281EC5560700034AAB /* ViewController+MASAdditions.h */,
				A307E3291EC5560700034AAB /* ViewController+MASAdditions.m */,
			);
			path = Masonry;
			sourceTree = "<group>";
		};
/* End PBXGroup section */

/* Begin PBXNativeTarget section */
		A307E2D21EC47AD500034AAB /* WKWebViewDemo */ = {
			isa = PBXNativeTarget;
			buildConfigurationList = A307E2E71EC47AD500034AAB /* Build configuration list for PBXNativeTarget "WKWebViewDemo" */;
			buildPhases = (
				A307E2CF1EC47AD500034AAB /* Sources */,
				A307E2D01EC47AD500034AAB /* Frameworks */,
				A307E2D11EC47AD500034AAB /* Resources */,
			);
			buildRules = (
			);
			dependencies = (
			);
			name = WKWebViewDemo;
			productName = WKWebViewDemo;
			productReference = A307E2D31EC47AD500034AAB /* WKWebViewDemo.app */;
			productType = "com.apple.product-type.application";
		};
/* End PBXNativeTarget section */

/* Begin PBXProject section */
		A307E2CB1EC47AD500034AAB /* Project object */ = {
			isa = PBXProject;
			attributes = {
				LastUpgradeCheck = 0830;
				ORGANIZATIONNAME = sunny;
				TargetAttributes = {
					A307E2D21EC47AD500034AAB = {
						CreatedOnToolsVersion = 8.3.2;
						DevelopmentTeam = L5X58D2989;
						ProvisioningStyle = Automatic;
					};
				};
			};
			buildConfigurationList = A307E2CE1EC47AD500034AAB /* Build configuration list for PBXProject "WKWebViewDemo" */;
			compatibilityVersion = "Xcode 3.2";
			developmentRegion = English;
			hasScannedForEncodings = 0;
			knownRegions = (
				en,
				Base,
			);
			mainGroup = A307E2CA1EC47AD500034AAB;
			productRefGroup = A307E2D41EC47AD500034AAB /* Products */;
			projectDirPath = "";
			projectRoot = "";
			targets = (
				A307E2D21EC47AD500034AAB /* WKWebViewDemo */,
			);
		};
/* End PBXProject section */

/* Begin PBXResourcesBuildPhase section */
		A307E2D11EC47AD500034AAB /* Resources */ = {
			isa = PBXResourcesBuildPhase;
			buildActionMask = 2147483647;
			files = (
				A307E2E01EC47AD500034AAB /* Assets.xcassets in Resources */,
				A307E2E31EC47AD500034AAB /* Main.storyboard in Resources */,
				A307E30F1EC5539700034AAB /* test.html in Resources */,
			);
			runOnlyForDeploymentPostprocessing = 0;
		};
/* End PBXResourcesBuildPhase section */

/* Begin PBXSourcesBuildPhase section */
		A307E2CF1EC47AD500034AAB /* Sources */ = {
			isa = PBXSourcesBuildPhase;
			buildActionMask = 2147483647;
			files = (
				A307E32C1EC5560700034AAB /* MASConstraintMaker.m in Sources */,
				A307E2DE1EC47AD500034AAB /* ViewController.m in Sources */,
				A307E32B1EC5560700034AAB /* MASConstraint.m in Sources */,
				A307E3331EC5560700034AAB /* ViewController+MASAdditions.m in Sources */,
				A307E32D1EC5560700034AAB /* MASLayoutConstraint.m in Sources */,
				A307E3301EC5560700034AAB /* NSArray+MASAdditions.m in Sources */,
				A307E32F1EC5560700034AAB /* MASViewConstraint.m in Sources */,
				A307E32E1EC5560700034AAB /* MASViewAttribute.m in Sources */,
				A307E3321EC5560700034AAB /* View+MASAdditions.m in Sources */,
				A307E2DB1EC47AD500034AAB /* main.m in Sources */,
				A307E2D81EC47AD500034AAB /* AppDelegate.m in Sources */,
				A307E32A1EC5560700034AAB /* MASCompositeConstraint.m in Sources */,
				A307E3361EC557EE00034AAB /* MXJSManager.m in Sources */,
				A307E3311EC5560700034AAB /* NSLayoutConstraint+MASDebugAdditions.m in Sources */,
			);
			runOnlyForDeploymentPostprocessing = 0;
		};
/* End PBXSourcesBuildPhase section */

/* Begin PBXVariantGroup section */
		A307E2E11EC47AD500034AAB /* Main.storyboard */ = {
			isa = PBXVariantGroup;
			children = (
				A307E2E21EC47AD500034AAB /* Base */,
			);
			name = Main.storyboard;
			sourceTree = "<group>";
		};
/* End PBXVariantGroup section */

/* Begin XCBuildConfiguration section */
		A307E2E51EC47AD500034AAB /* Debug */ = {
			isa = XCBuildConfiguration;
			buildSettings = {
				ALWAYS_SEARCH_USER_PATHS = NO;
				CLANG_ANALYZER_NONNULL = YES;
				CLANG_ANALYZER_NUMBER_OBJECT_CONVERSION = YES_AGGRESSIVE;
				CLANG_CXX_LANGUAGE_STANDARD = "gnu++0x";
				CLANG_CXX_LIBRARY = "libc++";
				CLANG_ENABLE_MODULES = YES;
				CLANG_ENABLE_OBJC_ARC = YES;
				CLANG_WARN_BOOL_CONVERSION = YES;
				CLANG_WARN_CONSTANT_CONVERSION = YES;
				CLANG_WARN_DIRECT_OBJC_ISA_USAGE = YES_ERROR;
				CLANG_WARN_DOCUMENTATION_COMMENTS = YES;
				CLANG_WARN_EMPTY_BODY = YES;
				CLANG_WARN_ENUM_CONVERSION = YES;
				CLANG_WARN_INFINITE_RECURSION = YES;
				CLANG_WARN_INT_CONVERSION = YES;
				CLANG_WARN_OBJC_ROOT_CLASS = YES_ERROR;
				CLANG_WARN_SUSPICIOUS_MOVE = YES;
				CLANG_WARN_UNREACHABLE_CODE = YES;
				CLANG_WARN__DUPLICATE_METHOD_MATCH = YES;
				CODE_SIGN_IDENTITY = "-";
				COPY_PHASE_STRIP = NO;
				DEBUG_INFORMATION_FORMAT = dwarf;
				ENABLE_STRICT_OBJC_MSGSEND = YES;
				ENABLE_TESTABILITY = YES;
				GCC_C_LANGUAGE_STANDARD = gnu99;
				GCC_DYNAMIC_NO_PIC = NO;
				GCC_NO_COMMON_BLOCKS = YES;
				GCC_OPTIMIZATION_LEVEL = 0;
				GCC_PREPROCESSOR_DEFINITIONS = (
					"DEBUG=1",
					"$(inherited)",
				);
				GCC_WARN_64_TO_32_BIT_CONVERSION = YES;
				GCC_WARN_ABOUT_RETURN_TYPE = YES_ERROR;
				GCC_WARN_UNDECLARED_SELECTOR = YES;
				GCC_WARN_UNINITIALIZED_AUTOS = YES_AGGRESSIVE;
				GCC_WARN_UNUSED_FUNCTION = YES;
				GCC_WARN_UNUSED_VARIABLE = YES;
				MACOSX_DEPLOYMENT_TARGET = 10.12;
				MTL_ENABLE_DEBUG_INFO = YES;
				ONLY_ACTIVE_ARCH = YES;
				SDKROOT = macosx;
			};
			name = Debug;
		};
		A307E2E61EC47AD500034AAB /* Release */ = {
			isa = XCBuildConfiguration;
			buildSettings = {
				ALWAYS_SEARCH_USER_PATHS = NO;
				CLANG_ANALYZER_NONNULL = YES;
				CLANG_ANALYZER_NUMBER_OBJECT_CONVERSION = YES_AGGRESSIVE;
				CLANG_CXX_LANGUAGE_STANDARD = "gnu++0x";
				CLANG_CXX_LIBRARY = "libc++";
				CLANG_ENABLE_MODULES = YES;
				CLANG_ENABLE_OBJC_ARC = YES;
				CLANG_WARN_BOOL_CONVERSION = YES;
				CLANG_WARN_CONSTANT_CONVERSION = YES;
				CLANG_WARN_DIRECT_OBJC_ISA_USAGE = YES_ERROR;
				CLANG_WARN_DOCUMENTATION_COMMENTS = YES;
				CLANG_WARN_EMPTY_BODY = YES;
				CLANG_WARN_ENUM_CONVERSION = YES;
				CLANG_WARN_INFINITE_RECURSION = YES;
				CLANG_WARN_INT_CONVERSION = YES;
				CLANG_WARN_OBJC_ROOT_CLASS = YES_ERROR;
				CLANG_WARN_SUSPICIOUS_MOVE = YES;
				CLANG_WARN_UNREACHABLE_CODE = YES;
				CLANG_WARN__DUPLICATE_METHOD_MATCH = YES;
				CODE_SIGN_IDENTITY = "-";
				COPY_PHASE_STRIP = NO;
				DEBUG_INFORMATION_FORMAT = "dwarf-with-dsym";
				ENABLE_NS_ASSERTIONS = NO;
				ENABLE_STRICT_OBJC_MSGSEND = YES;
				GCC_C_LANGUAGE_STANDARD = gnu99;
				GCC_NO_COMMON_BLOCKS = YES;
				GCC_WARN_64_TO_32_BIT_CONVERSION = YES;
				GCC_WARN_ABOUT_RETURN_TYPE = YES_ERROR;
				GCC_WARN_UNDECLARED_SELECTOR = YES;
				GCC_WARN_UNINITIALIZED_AUTOS = YES_AGGRESSIVE;
				GCC_WARN_UNUSED_FUNCTION = YES;
				GCC_WARN_UNUSED_VARIABLE = YES;
				MACOSX_DEPLOYMENT_TARGET = 10.12;
				MTL_ENABLE_DEBUG_INFO = NO;
				SDKROOT = macosx;
			};
			name = Release;
		};
		A307E2E81EC47AD500034AAB /* Debug */ = {
			isa = XCBuildConfiguration;
			buildSettings = {
				ASSETCATALOG_COMPILER_APPICON_NAME = AppIcon;
				COMBINE_HIDPI_IMAGES = YES;
				DEVELOPMENT_TEAM = L5X58D2989;
				INFOPLIST_FILE = WKWebViewDemo/Info.plist;
				LD_RUNPATH_SEARCH_PATHS = "$(inherited) @executable_path/../Frameworks";
				PRODUCT_BUNDLE_IDENTIFIER = com.moxtra.WKWebViewDemo;
				PRODUCT_NAME = "$(TARGET_NAME)";
			};
			name = Debug;
		};
		A307E2E91EC47AD500034AAB /* Release */ = {
			isa = XCBuildConfiguration;
			buildSettings = {
				ASSETCATALOG_COMPILER_APPICON_NAME = AppIcon;
				COMBINE_HIDPI_IMAGES = YES;
				DEVELOPMENT_TEAM = L5X58D2989;
				INFOPLIST_FILE = WKWebViewDemo/Info.plist;
				LD_RUNPATH_SEARCH_PATHS = "$(inherited) @executable_path/../Frameworks";
				PRODUCT_BUNDLE_IDENTIFIER = com.moxtra.WKWebViewDemo;
				PRODUCT_NAME = "$(TARGET_NAME)";
			};
			name = Release;
		};
/* End XCBuildConfiguration section */

/* Begin XCConfigurationList section */
		A307E2CE1EC47AD500034AAB /* Build configuration list for PBXProject "WKWebViewDemo" */ = {
			isa = XCConfigurationList;
			buildConfigurations = (
				A307E2E51EC47AD500034AAB /* Debug */,
				A307E2E61EC47AD500034AAB /* Release */,
			);
			defaultConfigurationIsVisible = 0;
			defaultConfigurationName = Release;
		};
		A307E2E71EC47AD500034AAB /* Build configuration list for PBXNativeTarget "WKWebViewDemo" */ = {
			isa = XCConfigurationList;
			buildConfigurations = (
				A307E2E81EC47AD500034AAB /* Debug */,
				A307E2E91EC47AD500034AAB /* Release */,
			);
			defaultConfigurationIsVisible = 0;
			defaultConfigurationName = Release;
		};
/* End XCConfigurationList section */
	};
	rootObject = A307E2CB1EC47AD500034AAB /* Project object */;
}
